
Microsoft Visual Studio Solution File, Format Version 12.00
# Visual Studio 2012
Project("{FAE04EC0-301F-11D3-BF4B-00C04F79EFBC}") = "Keyboard", "Keyboard\Keyboard.csproj", "{FE61AD51-A5BC-4133-8657-AE21D1B98AFE}"
EndProject
Global
	GlobalSection(SolutionConfigurationPlatforms) = preSolution
		Debug|Any CPU = Debug|Any CPU
		Release|Any CPU = Release|Any CPU
	EndGlobalSection
	GlobalSection(ProjectConfigurationPlatforms) = postSolution
		{FE61AD51-A5BC-4133-8657-AE21D1B98AFE}.Debug|Any CPU.ActiveCfg = Debug|Any CPU
		{FE61AD51-A5BC-4133-8657-AE21D1B98AFE}.Debug|Any CPU.Build.0 = Debug|Any CPU
		{FE61AD51-A5BC-4133-8657-AE21D1B98AFE}.Release|Any CPU.ActiveCfg = Release|Any CPU
		{FE61AD51-A5BC-4133-8657-AE21D1B98AFE}.Release|Any CPU.Build.0 = Release|Any CPU
	EndGlobalSection
	GlobalSection(SolutionProperties) = preSolution
		HideSolutionNode = FALSE
	EndGlobalSection
EndGlobal
